
Microsoft Visual Studio Solution File, Format Version 12.00
# Visual Studio 15
VisualStudioVersion = 15.0.27729.1
MinimumVisualStudioVersion = 10.0.40219.1
Project("{FAE04EC0-301F-11D3-BF4B-00C04F79EFBC}") = "Manager", "Manager\Manager.csproj", "{56452FAC-34AC-4E81-A6D6-96712EDA6D1D}"
EndProject
Project("{FAE04EC0-301F-11D3-BF4B-00C04F79EFBC}") = "Assistant", "..\Assistant\Assistant\Assistant.csproj", "{7F97951D-8667-4B29-89EE-527EE182683E}"
EndProject
Global
	GlobalSection(SolutionConfigurationPlatforms) = preSolution
		Debug|Any CPU = Debug|Any CPU
		Release|Any CPU = Release|Any CPU
	EndGlobalSection
	GlobalSection(ProjectConfigurationPlatforms) = postSolution
		{56452FAC-34AC-4E81-A6D6-96712EDA6D1D}.Debug|Any CPU.ActiveCfg = Debug|Any CPU
		{56452FAC-34AC-4E81-A6D6-96712EDA6D1D}.Debug|Any CPU.Build.0 = Debug|Any CPU
		{56452FAC-34AC-4E81-A6D6-96712EDA6D1D}.Release|Any CPU.ActiveCfg = Release|Any CPU
		{56452FAC-34AC-4E81-A6D6-96712EDA6D1D}.Release|Any CPU.Build.0 = Release|Any CPU
		{7F97951D-8667-4B29-89EE-527EE182683E}.Debug|Any CPU.ActiveCfg = Debug|Any CPU
		{7F97951D-8667-4B29-89EE-527EE182683E}.Debug|Any CPU.Build.0 = Debug|Any CPU
		{7F97951D-8667-4B29-89EE-527EE182683E}.Release|Any CPU.ActiveCfg = Release|Any CPU
		{7F97951D-8667-4B29-89EE-527EE182683E}.Release|Any CPU.Build.0 = Release|Any CPU
	EndGlobalSection
	GlobalSection(SolutionProperties) = preSolution
		HideSolutionNode = FALSE
	EndGlobalSection
	GlobalSection(ExtensibilityGlobals) = postSolution
		SolutionGuid = {5E9AF24D-FB78-48CD-ABFF-F0CDC1C946AE}
	EndGlobalSection
EndGlobal
